
Microsoft Visual Studio Solution File, Format Version 12.00
# Visual Studio 15
VisualStudioVersion = 15.0.28307.705
MinimumVisualStudioVersion = 10.0.40219.1
Project("{8BC9CEB8-8B4A-11D0-8D11-00A0C91BC942}") = "Block1Laba2", "Block1Laba2\Block1Laba2.vcxproj", "{D353C07D-7DF4-4ABF-B2CB-3643FF9FA382}"
EndProject
Global
	GlobalSection(SolutionConfigurationPlatforms) = preSolution
		Debug|x64 = Debug|x64
		Debug|x86 = Debug|x86
		Release|x64 = Release|x64
		Release|x86 = Release|x86
	EndGlobalSection
	GlobalSection(ProjectConfigurationPlatforms) = postSolution
		{D353C07D-7DF4-4ABF-B2CB-3643FF9FA382}.Debug|x64.ActiveCfg = Debug|x64
		{D353C07D-7DF4-4ABF-B2CB-3643FF9FA382}.Debug|x64.Build.0 = Debug|x64
		{D353C07D-7DF4-4ABF-B2CB-3643FF9FA382}.Debug|x86.ActiveCfg = Debug|Win32
		{D353C07D-7DF4-4ABF-B2CB-3643FF9FA382}.Debug|x86.Build.0 = Debug|Win32
		{D353C07D-7DF4-4ABF-B2CB-3643FF9FA382}.Release|x64.ActiveCfg = Release|x64
		{D353C07D-7DF4-4ABF-B2CB-3643FF9FA382}.Release|x64.Build.0 = Release|x64
		{D353C07D-7DF4-4ABF-B2CB-3643FF9FA382}.Release|x86.ActiveCfg = Release|Win32
		{D353C07D-7DF4-4ABF-B2CB-3643FF9FA382}.Release|x86.Build.0 = Release|Win32
	EndGlobalSection
	GlobalSection(SolutionProperties) = preSolution
		HideSolutionNode = FALSE
	EndGlobalSection
	GlobalSection(ExtensibilityGlobals) = postSolution
		SolutionGuid = {5584F713-1FBC-49ED-B4C9-DED9AE253F90}
	EndGlobalSection
EndGlobal
